# generated by rye
# use `rye lock` or `rye sync` to update this lockfile
#
# last locked with the following flags:
#   pre: false
#   features: []
#   all-features: false
#   with-sources: false
#   generate-hashes: false
#   universal: false

-e file:.
debugpy==1.8.12
    # via pulumi
dill==0.3.9
    # via pulumi
grpcio==1.66.2
    # via pulumi
pip==24.3.1
    # via pulumi
protobuf==4.25.6
    # via pulumi
pulumi==3.147.0
    # via homelab
pyyaml==6.0.2
    # via pulumi
semver==2.13.0
    # via pulumi
six==1.17.0
    # via pulumi
